
Microsoft Visual Studio Solution File, Format Version 12.00
# Visual Studio Version 16
VisualStudioVersion = 16.0.30104.148
MinimumVisualStudioVersion = 10.0.40219.1
Project("{FAE04EC0-301F-11D3-BF4B-00C04F79EFBC}") = "XamlControlGallery.iOS", "XamlControlGallery.iOS\XamlControlGallery.iOS.csproj", "{B0416C49-9EA5-4274-9F70-DC58E5FE1D64}"
EndProject
Project("{FAE04EC0-301F-11D3-BF4B-00C04F79EFBC}") = "XamlControlsGallery", "XamlControlsGallery\XamlControlsGallery.csproj", "{D1E15C93-DE5C-4939-98AF-26AC550B2611}"
EndProject
Project("{FAE04EC0-301F-11D3-BF4B-00C04F79EFBC}") = "XamlControlsGallery.NetCore", "XamlControlsGallery.NetCore\XamlControlsGallery.NetCore.csproj", "{3A578A47-76AD-4071-8E4F-E1E2D755756B}"
EndProject
Project("{FAE04EC0-301F-11D3-BF4B-00C04F79EFBC}") = "XamlControlsGallery.Web", "XamlControlsGallery.Web\XamlControlsGallery.Web.csproj", "{D2421830-279F-4952-BB0B-0BECDD0C69AF}"
EndProject
Global
	GlobalSection(SolutionConfigurationPlatforms) = preSolution
		Debug|Any CPU = Debug|Any CPU
		Debug|ARM = Debug|ARM
		Debug|ARM64 = Debug|ARM64
		Debug|x64 = Debug|x64
		Debug|x86 = Debug|x86
		Release|Any CPU = Release|Any CPU
		Release|ARM = Release|ARM
		Release|ARM64 = Release|ARM64
		Release|x64 = Release|x64
		Release|x86 = Release|x86
		Debug|iPhoneSimulator = Debug|iPhoneSimulator
		Release|iPhoneSimulator = Release|iPhoneSimulator
		Debug|iPhone = Debug|iPhone
		Release|iPhone = Release|iPhone
	EndGlobalSection
	GlobalSection(ProjectConfigurationPlatforms) = postSolution
		{B0416C49-9EA5-4274-9F70-DC58E5FE1D64}.Debug|Any CPU.ActiveCfg = Debug|iPhoneSimulator
		{B0416C49-9EA5-4274-9F70-DC58E5FE1D64}.Debug|Any CPU.Build.0 = Debug|iPhoneSimulator
		{B0416C49-9EA5-4274-9F70-DC58E5FE1D64}.Debug|ARM.ActiveCfg = Debug|iPhoneSimulator
		{B0416C49-9EA5-4274-9F70-DC58E5FE1D64}.Debug|ARM.Build.0 = Debug|iPhoneSimulator
		{B0416C49-9EA5-4274-9F70-DC58E5FE1D64}.Debug|ARM64.ActiveCfg = Debug|iPhoneSimulator
		{B0416C49-9EA5-4274-9F70-DC58E5FE1D64}.Debug|ARM64.Build.0 = Debug|iPhoneSimulator
		{B0416C49-9EA5-4274-9F70-DC58E5FE1D64}.Debug|x64.ActiveCfg = Debug|iPhoneSimulator
		{B0416C49-9EA5-4274-9F70-DC58E5FE1D64}.Debug|x64.Build.0 = Debug|iPhoneSimulator
		{B0416C49-9EA5-4274-9F70-DC58E5FE1D64}.Debug|x86.ActiveCfg = Debug|iPhoneSimulator
		{B0416C49-9EA5-4274-9F70-DC58E5FE1D64}.Debug|x86.Build.0 = Debug|iPhoneSimulator
		{B0416C49-9EA5-4274-9F70-DC58E5FE1D64}.Release|Any CPU.ActiveCfg = Release|iPhoneSimulator
		{B0416C49-9EA5-4274-9F70-DC58E5FE1D64}.Release|Any CPU.Build.0 = Release|iPhoneSimulator
		{B0416C49-9EA5-4274-9F70-DC58E5FE1D64}.Release|ARM.ActiveCfg = Release|iPhoneSimulator
		{B0416C49-9EA5-4274-9F70-DC58E5FE1D64}.Release|ARM.Build.0 = Release|iPhoneSimulator
		{B0416C49-9EA5-4274-9F70-DC58E5FE1D64}.Release|ARM64.ActiveCfg = Release|iPhoneSimulator
		{B0416C49-9EA5-4274-9F70-DC58E5FE1D64}.Release|ARM64.Build.0 = Release|iPhoneSimulator
		{B0416C49-9EA5-4274-9F70-DC58E5FE1D64}.Release|x64.ActiveCfg = Release|iPhoneSimulator
		{B0416C49-9EA5-4274-9F70-DC58E5FE1D64}.Release|x64.Build.0 = Release|iPhoneSimulator
		{B0416C49-9EA5-4274-9F70-DC58E5FE1D64}.Release|x86.ActiveCfg = Release|iPhoneSimulator
		{B0416C49-9EA5-4274-9F70-DC58E5FE1D64}.Release|x86.Build.0 = Release|iPhoneSimulator
		{B0416C49-9EA5-4274-9F70-DC58E5FE1D64}.Debug|iPhoneSimulator.ActiveCfg = Debug|iPhoneSimulator
		{B0416C49-9EA5-4274-9F70-DC58E5FE1D64}.Debug|iPhoneSimulator.Build.0 = Debug|iPhoneSimulator
		{B0416C49-9EA5-4274-9F70-DC58E5FE1D64}.Release|iPhoneSimulator.ActiveCfg = Release|iPhoneSimulator
		{B0416C49-9EA5-4274-9F70-DC58E5FE1D64}.Release|iPhoneSimulator.Build.0 = Release|iPhoneSimulator
		{B0416C49-9EA5-4274-9F70-DC58E5FE1D64}.Debug|iPhone.ActiveCfg = Debug|iPhone
		{B0416C49-9EA5-4274-9F70-DC58E5FE1D64}.Debug|iPhone.Build.0 = Debug|iPhone
		{B0416C49-9EA5-4274-9F70-DC58E5FE1D64}.Release|iPhone.ActiveCfg = Release|iPhone
		{B0416C49-9EA5-4274-9F70-DC58E5FE1D64}.Release|iPhone.Build.0 = Release|iPhone
		{D1E15C93-DE5C-4939-98AF-26AC550B2611}.Debug|Any CPU.ActiveCfg = Debug|Any CPU
		{D1E15C93-DE5C-4939-98AF-26AC550B2611}.Debug|Any CPU.Build.0 = Debug|Any CPU
		{D1E15C93-DE5C-4939-98AF-26AC550B2611}.Debug|ARM.ActiveCfg = Debug|Any CPU
		{D1E15C93-DE5C-4939-98AF-26AC550B2611}.Debug|ARM.Build.0 = Debug|Any CPU
		{D1E15C93-DE5C-4939-98AF-26AC550B2611}.Debug|ARM64.ActiveCfg = Debug|Any CPU
		{D1E15C93-DE5C-4939-98AF-26AC550B2611}.Debug|ARM64.Build.0 = Debug|Any CPU
		{D1E15C93-DE5C-4939-98AF-26AC550B2611}.Debug|x64.ActiveCfg = Debug|Any CPU
		{D1E15C93-DE5C-4939-98AF-26AC550B2611}.Debug|x64.Build.0 = Debug|Any CPU
		{D1E15C93-DE5C-4939-98AF-26AC550B2611}.Debug|x86.ActiveCfg = Debug|Any CPU
		{D1E15C93-DE5C-4939-98AF-26AC550B2611}.Debug|x86.Build.0 = Debug|Any CPU
		{D1E15C93-DE5C-4939-98AF-26AC550B2611}.Release|Any CPU.ActiveCfg = Release|Any CPU
		{D1E15C93-DE5C-4939-98AF-26AC550B2611}.Release|Any CPU.Build.0 = Release|Any CPU
		{D1E15C93-DE5C-4939-98AF-26AC550B2611}.Release|ARM.ActiveCfg = Release|Any CPU
		{D1E15C93-DE5C-4939-98AF-26AC550B2611}.Release|ARM.Build.0 = Release|Any CPU
		{D1E15C93-DE5C-4939-98AF-26AC550B2611}.Release|ARM64.ActiveCfg = Release|Any CPU
		{D1E15C93-DE5C-4939-98AF-26AC550B2611}.Release|ARM64.Build.0 = Release|Any CPU
		{D1E15C93-DE5C-4939-98AF-26AC550B2611}.Release|x64.ActiveCfg = Release|Any CPU
		{D1E15C93-DE5C-4939-98AF-26AC550B2611}.Release|x64.Build.0 = Release|Any CPU
		{D1E15C93-DE5C-4939-98AF-26AC550B2611}.Release|x86.ActiveCfg = Release|Any CPU
		{D1E15C93-DE5C-4939-98AF-26AC550B2611}.Release|x86.Build.0 = Release|Any CPU
		{D1E15C93-DE5C-4939-98AF-26AC550B2611}.Debug|iPhoneSimulator.ActiveCfg = Debug|Any CPU
		{D1E15C93-DE5C-4939-98AF-26AC550B2611}.Debug|iPhoneSimulator.Build.0 = Debug|Any CPU
		{D1E15C93-DE5C-4939-98AF-26AC550B2611}.Release|iPhoneSimulator.ActiveCfg = Release|Any CPU
		{D1E15C93-DE5C-4939-98AF-26AC550B2611}.Release|iPhoneSimulator.Build.0 = Release|Any CPU
		{D1E15C93-DE5C-4939-98AF-26AC550B2611}.Debug|iPhone.ActiveCfg = Debug|Any CPU
		{D1E15C93-DE5C-4939-98AF-26AC550B2611}.Debug|iPhone.Build.0 = Debug|Any CPU
		{D1E15C93-DE5C-4939-98AF-26AC550B2611}.Release|iPhone.ActiveCfg = Release|Any CPU
		{D1E15C93-DE5C-4939-98AF-26AC550B2611}.Release|iPhone.Build.0 = Release|Any CPU
		{3A578A47-76AD-4071-8E4F-E1E2D755756B}.Debug|Any CPU.ActiveCfg = Debug|Any CPU
		{3A578A47-76AD-4071-8E4F-E1E2D755756B}.Debug|Any CPU.Build.0 = Debug|Any CPU
		{3A578A47-76AD-4071-8E4F-E1E2D755756B}.Debug|ARM.ActiveCfg = Debug|Any CPU
		{3A578A47-76AD-4071-8E4F-E1E2D755756B}.Debug|ARM.Build.0 = Debug|Any CPU
		{3A578A47-76AD-4071-8E4F-E1E2D755756B}.Debug|ARM64.ActiveCfg = Debug|Any CPU
		{3A578A47-76AD-4071-8E4F-E1E2D755756B}.Debug|ARM64.Build.0 = Debug|Any CPU
		{3A578A47-76AD-4071-8E4F-E1E2D755756B}.Debug|x64.ActiveCfg = Debug|Any CPU
		{3A578A47-76AD-4071-8E4F-E1E2D755756B}.Debug|x64.Build.0 = Debug|Any CPU
		{3A578A47-76AD-4071-8E4F-E1E2D755756B}.Debug|x86.ActiveCfg = Debug|Any CPU
		{3A578A47-76AD-4071-8E4F-E1E2D755756B}.Debug|x86.Build.0 = Debug|Any CPU
		{3A578A47-76AD-4071-8E4F-E1E2D755756B}.Release|Any CPU.ActiveCfg = Release|Any CPU
		{3A578A47-76AD-4071-8E4F-E1E2D755756B}.Release|Any CPU.Build.0 = Release|Any CPU
		{3A578A47-76AD-4071-8E4F-E1E2D755756B}.Release|ARM.ActiveCfg = Release|Any CPU
		{3A578A47-76AD-4071-8E4F-E1E2D755756B}.Release|ARM.Build.0 = Release|Any CPU
		{3A578A47-76AD-4071-8E4F-E1E2D755756B}.Release|ARM64.ActiveCfg = Release|Any CPU
		{3A578A47-76AD-4071-8E4F-E1E2D755756B}.Release|ARM64.Build.0 = Release|Any CPU
		{3A578A47-76AD-4071-8E4F-E1E2D755756B}.Release|x64.ActiveCfg = Release|Any CPU
		{3A578A47-76AD-4071-8E4F-E1E2D755756B}.Release|x64.Build.0 = Release|Any CPU
		{3A578A47-76AD-4071-8E4F-E1E2D755756B}.Release|x86.ActiveCfg = Release|Any CPU
		{3A578A47-76AD-4071-8E4F-E1E2D755756B}.Release|x86.Build.0 = Release|Any CPU
		{3A578A47-76AD-4071-8E4F-E1E2D755756B}.Debug|iPhoneSimulator.ActiveCfg = Debug|Any CPU
		{3A578A47-76AD-4071-8E4F-E1E2D755756B}.Debug|iPhoneSimulator.Build.0 = Debug|Any CPU
		{3A578A47-76AD-4071-8E4F-E1E2D755756B}.Release|iPhoneSimulator.ActiveCfg = Release|Any CPU
		{3A578A47-76AD-4071-8E4F-E1E2D755756B}.Release|iPhoneSimulator.Build.0 = Release|Any CPU
		{3A578A47-76AD-4071-8E4F-E1E2D755756B}.Debug|iPhone.ActiveCfg = Debug|Any CPU
		{3A578A47-76AD-4071-8E4F-E1E2D755756B}.Debug|iPhone.Build.0 = Debug|Any CPU
		{3A578A47-76AD-4071-8E4F-E1E2D755756B}.Release|iPhone.ActiveCfg = Release|Any CPU
		{3A578A47-76AD-4071-8E4F-E1E2D755756B}.Release|iPhone.Build.0 = Release|Any CPU
		{D2421830-279F-4952-BB0B-0BECDD0C69AF}.Debug|Any CPU.ActiveCfg = Debug|Any CPU
		{D2421830-279F-4952-BB0B-0BECDD0C69AF}.Debug|Any CPU.Build.0 = Debug|Any CPU
		{D2421830-279F-4952-BB0B-0BECDD0C69AF}.Debug|ARM.ActiveCfg = Debug|Any CPU
		{D2421830-279F-4952-BB0B-0BECDD0C69AF}.Debug|ARM.Build.0 = Debug|Any CPU
		{D2421830-279F-4952-BB0B-0BECDD0C69AF}.Debug|ARM64.ActiveCfg = Debug|Any CPU
		{D2421830-279F-4952-BB0B-0BECDD0C69AF}.Debug|ARM64.Build.0 = Debug|Any CPU
		{D2421830-279F-4952-BB0B-0BECDD0C69AF}.Debug|x64.ActiveCfg = Debug|Any CPU
		{D2421830-279F-4952-BB0B-0BECDD0C69AF}.Debug|x64.Build.0 = Debug|Any CPU
		{D2421830-279F-4952-BB0B-0BECDD0C69AF}.Debug|x86.ActiveCfg = Debug|Any CPU
		{D2421830-279F-4952-BB0B-0BECDD0C69AF}.Debug|x86.Build.0 = Debug|Any CPU
		{D2421830-279F-4952-BB0B-0BECDD0C69AF}.Release|Any CPU.ActiveCfg = Release|Any CPU
		{D2421830-279F-4952-BB0B-0BECDD0C69AF}.Release|Any CPU.Build.0 = Release|Any CPU
		{D2421830-279F-4952-BB0B-0BECDD0C69AF}.Release|ARM.ActiveCfg = Release|Any CPU
		{D2421830-279F-4952-BB0B-0BECDD0C69AF}.Release|ARM.Build.0 = Release|Any CPU
		{D2421830-279F-4952-BB0B-0BECDD0C69AF}.Release|ARM64.ActiveCfg = Release|Any CPU
		{D2421830-279F-4952-BB0B-0BECDD0C69AF}.Release|ARM64.Build.0 = Release|Any CPU
		{D2421830-279F-4952-BB0B-0BECDD0C69AF}.Release|x64.ActiveCfg = Release|Any CPU
		{D2421830-279F-4952-BB0B-0BECDD0C69AF}.Release|x64.Build.0 = Release|Any CPU
		{D2421830-279F-4952-BB0B-0BECDD0C69AF}.Release|x86.ActiveCfg = Release|Any CPU
		{D2421830-279F-4952-BB0B-0BECDD0C69AF}.Release|x86.Build.0 = Release|Any CPU
		{D2421830-279F-4952-BB0B-0BECDD0C69AF}.Debug|iPhoneSimulator.ActiveCfg = Debug|Any CPU
		{D2421830-279F-4952-BB0B-0BECDD0C69AF}.Debug|iPhoneSimulator.Build.0 = Debug|Any CPU
		{D2421830-279F-4952-BB0B-0BECDD0C69AF}.Release|iPhoneSimulator.ActiveCfg = Release|Any CPU
		{D2421830-279F-4952-BB0B-0BECDD0C69AF}.Release|iPhoneSimulator.Build.0 = Release|Any CPU
		{D2421830-279F-4952-BB0B-0BECDD0C69AF}.Debug|iPhone.ActiveCfg = Debug|Any CPU
		{D2421830-279F-4952-BB0B-0BECDD0C69AF}.Debug|iPhone.Build.0 = Debug|Any CPU
		{D2421830-279F-4952-BB0B-0BECDD0C69AF}.Release|iPhone.ActiveCfg = Release|Any CPU
		{D2421830-279F-4952-BB0B-0BECDD0C69AF}.Release|iPhone.Build.0 = Release|Any CPU
	EndGlobalSection
	GlobalSection(SolutionProperties) = preSolution
		HideSolutionNode = FALSE
	EndGlobalSection
	GlobalSection(ExtensibilityGlobals) = postSolution
		SolutionGuid = {827D4357-F95C-460C-B6C6-902326CFF5FA}
	EndGlobalSection
EndGlobal
